
Microsoft Visual Studio Solution File, Format Version 12.00
# Visual Studio Version 17
VisualStudioVersion = 17.0.32014.148
MinimumVisualStudioVersion = 10.0.40219.1
Project("{FAE04EC0-301F-11D3-BF4B-00C04F79EFBC}") = "selenium_test", "selenium_test.csproj", "{7E79768A-1D19-4B6B-B1DE-6ABE1301AE86}"
EndProject
Global
	GlobalSection(SolutionConfigurationPlatforms) = preSolution
		Debug|Any CPU = Debug|Any CPU
		Release|Any CPU = Release|Any CPU
	EndGlobalSection
	GlobalSection(ProjectConfigurationPlatforms) = postSolution
		{7E79768A-1D19-4B6B-B1DE-6ABE1301AE86}.Debug|Any CPU.ActiveCfg = Debug|Any CPU
		{7E79768A-1D19-4B6B-B1DE-6ABE1301AE86}.Debug|Any CPU.Build.0 = Debug|Any CPU
		{7E79768A-1D19-4B6B-B1DE-6ABE1301AE86}.Release|Any CPU.ActiveCfg = Release|Any CPU
		{7E79768A-1D19-4B6B-B1DE-6ABE1301AE86}.Release|Any CPU.Build.0 = Release|Any CPU
	EndGlobalSection
	GlobalSection(SolutionProperties) = preSolution
		HideSolutionNode = FALSE
	EndGlobalSection
	GlobalSection(ExtensibilityGlobals) = postSolution
		SolutionGuid = {BC9FD624-E5FA-42C6-9C85-16CE8CFFA24A}
	EndGlobalSection
EndGlobal
